
Microsoft Visual Studio Solution File, Format Version 12.00
# Visual Studio 14
VisualStudioVersion = 14.0.25123.0
MinimumVisualStudioVersion = 10.0.40219.1
Project("{FAE04EC0-301F-11D3-BF4B-00C04F79EFBC}") = "PhoneEnrichmentRestAPI", "CDES_WebApi\PhoneEnrichmentRestAPI.csproj", "{438D0B05-95A9-434F-8869-C7CBBBCF8DA2}"
EndProject
Project("{FAE04EC0-301F-11D3-BF4B-00C04F79EFBC}") = "PhoneEnrichmentRestAPI.Tests", "CDES_WebApi.Tests\PhoneEnrichmentRestAPI.Tests.csproj", "{F29CAE10-B5E6-4653-8EBD-6F59C67030EB}"
EndProject
Project("{FAE04EC0-301F-11D3-BF4B-00C04F79EFBC}") = "PhoneNumberEnrichmentService", "PhoneNumberEnrichmentService\PhoneNumberEnrichmentService.csproj", "{85FEFA0C-FD74-44EB-8EED-D15A35C2B1C8}"
EndProject
Global
	GlobalSection(SolutionConfigurationPlatforms) = preSolution
		Debug|Any CPU = Debug|Any CPU
		Release|Any CPU = Release|Any CPU
	EndGlobalSection
	GlobalSection(ProjectConfigurationPlatforms) = postSolution
		{438D0B05-95A9-434F-8869-C7CBBBCF8DA2}.Debug|Any CPU.ActiveCfg = Debug|Any CPU
		{438D0B05-95A9-434F-8869-C7CBBBCF8DA2}.Debug|Any CPU.Build.0 = Debug|Any CPU
		{438D0B05-95A9-434F-8869-C7CBBBCF8DA2}.Release|Any CPU.ActiveCfg = Release|Any CPU
		{438D0B05-95A9-434F-8869-C7CBBBCF8DA2}.Release|Any CPU.Build.0 = Release|Any CPU
		{F29CAE10-B5E6-4653-8EBD-6F59C67030EB}.Debug|Any CPU.ActiveCfg = Debug|Any CPU
		{F29CAE10-B5E6-4653-8EBD-6F59C67030EB}.Debug|Any CPU.Build.0 = Debug|Any CPU
		{F29CAE10-B5E6-4653-8EBD-6F59C67030EB}.Release|Any CPU.ActiveCfg = Release|Any CPU
		{F29CAE10-B5E6-4653-8EBD-6F59C67030EB}.Release|Any CPU.Build.0 = Release|Any CPU
		{85FEFA0C-FD74-44EB-8EED-D15A35C2B1C8}.Debug|Any CPU.ActiveCfg = Debug|Any CPU
		{85FEFA0C-FD74-44EB-8EED-D15A35C2B1C8}.Debug|Any CPU.Build.0 = Debug|Any CPU
		{85FEFA0C-FD74-44EB-8EED-D15A35C2B1C8}.Release|Any CPU.ActiveCfg = Release|Any CPU
		{85FEFA0C-FD74-44EB-8EED-D15A35C2B1C8}.Release|Any CPU.Build.0 = Release|Any CPU
	EndGlobalSection
	GlobalSection(SolutionProperties) = preSolution
		HideSolutionNode = FALSE
	EndGlobalSection
EndGlobal
